// !$*UTF8*$!
{
	archiveVersion = 1;
	classes = {
	};
	objectVersion = 56;
	objects = {

/* Begin PBXBuildFile section */
		89C67BC92AE133AA00E3D124 /* Little_Lemon_dinner_menu_appApp.swift in Sources */ = {isa = PBXBuildFile; fileRef = 89C67BC82AE133AA00E3D124 /* Little_Lemon_dinner_menu_appApp.swift */; };
		89C67BCB2AE133AA00E3D124 /* ContentView.swift in Sources */ = {isa = PBXBuildFile; fileRef = 89C67BCA2AE133AA00E3D124 /* ContentView.swift */; };
		89C67BCD2AE133AB00E3D124 /* Assets.xcassets in Resources */ = {isa = PBXBuildFile; fileRef = 89C67BCC2AE133AB00E3D124 /* Assets.xcassets */; };
		89C67BD02AE133AB00E3D124 /* Preview Assets.xcassets in Resources */ = {isa = PBXBuildFile; fileRef = 89C67BCF2AE133AB00E3D124 /* Preview Assets.xcassets */; };
		89C67BD72AE133E900E3D124 /* MenuItemsView.swift in Sources */ = {isa = PBXBuildFile; fileRef = 89C67BD62AE133E900E3D124 /* MenuItemsView.swift */; };
		89C67BD92AE133F300E3D124 /* MenuItemsOptionView.swift in Sources */ = {isa = PBXBuildFile; fileRef = 89C67BD82AE133F300E3D124 /* MenuItemsOptionView.swift */; };
		89C67BDB2AE133FE00E3D124 /* MenuItemDetailsView.swift in Sources */ = {isa = PBXBuildFile; fileRef = 89C67BDA2AE133FE00E3D124 /* MenuItemDetailsView.swift */; };
		89C67BE12AE134C800E3D124 /* MenuItem.swift in Sources */ = {isa = PBXBuildFile; fileRef = 89C67BE02AE134C800E3D124 /* MenuItem.swift */; };
		89C67BE52AE1359500E3D124 /* MenuViewModel.swift in Sources */ = {isa = PBXBuildFile; fileRef = 89C67BE42AE1359500E3D124 /* MenuViewModel.swift */; };
		89C67BE82AE1373C00E3D124 /* MenuCategory.swift in Sources */ = {isa = PBXBuildFile; fileRef = 89C67BE72AE1373C00E3D124 /* MenuCategory.swift */; };
		89C67BEA2AE1375200E3D124 /* Ingredient.swift in Sources */ = {isa = PBXBuildFile; fileRef = 89C67BE92AE1375200E3D124 /* Ingredient.swift */; };
		89C67BF22AE1383800E3D124 /* Little_Lemon_dinner_menu_appTests.swift in Sources */ = {isa = PBXBuildFile; fileRef = 89C67BF12AE1383800E3D124 /* Little_Lemon_dinner_menu_appTests.swift */; };
		89CEE5652AE2286300F34C8E /* View+Extensions.swift in Sources */ = {isa = PBXBuildFile; fileRef = 89CEE5642AE2286300F34C8E /* View+Extensions.swift */; };
		89CEE5682AE235BF00F34C8E /* DataStorage.swift in Sources */ = {isa = PBXBuildFile; fileRef = 89CEE5672AE235BF00F34C8E /* DataStorage.swift */; };
		89CEE56A2AE237D700F34C8E /* SortedMenuItem.swift in Sources */ = {isa = PBXBuildFile; fileRef = 89CEE5692AE237D700F34C8E /* SortedMenuItem.swift */; };
/* End PBXBuildFile section */

/* Begin PBXContainerItemProxy section */
		89C67BF32AE1383800E3D124 /* PBXContainerItemProxy */ = {
			isa = PBXContainerItemProxy;
			containerPortal = 89C67BBD2AE133AA00E3D124 /* Project object */;
			proxyType = 1;
			remoteGlobalIDString = 89C67BC42AE133AA00E3D124;
			remoteInfo = "Little Lemon dinner menu app";
		};
/* End PBXContainerItemProxy section */

/* Begin PBXFileReference section */
		89C67BC52AE133AA00E3D124 /* Little Lemon dinner menu app.app */ = {isa = PBXFileReference; explicitFileType = wrapper.application; includeInIndex = 0; path = "Little Lemon dinner menu app.app"; sourceTree = BUILT_PRODUCTS_DIR; };
		89C67BC82AE133AA00E3D124 /* Little_Lemon_dinner_menu_appApp.swift */ = {isa = PBXFileReference; lastKnownFileType = sourcecode.swift; path = Little_Lemon_dinner_menu_appApp.swift; sourceTree = "<group>"; };
		89C67BCA2AE133AA00E3D124 /* ContentView.swift */ = {isa = PBXFileReference; lastKnownFileType = sourcecode.swift; path = ContentView.swift; sourceTree = "<group>"; };
		89C67BCC2AE133AB00E3D124 /* Assets.xcassets */ = {isa = PBXFileReference; lastKnownFileType = folder.assetcatalog; path = Assets.xcassets; sourceTree = "<group>"; };
		89C67BCF2AE133AB00E3D124 /* Preview Assets.xcassets */ = {isa = PBXFileReference; lastKnownFileType = folder.assetcatalog; path = "Preview Assets.xcassets"; sourceTree = "<group>"; };
		89C67BD62AE133E900E3D124 /* MenuItemsView.swift */ = {isa = PBXFileReference; lastKnownFileType = sourcecode.swift; path = MenuItemsView.swift; sourceTree = "<group>"; };
		89C67BD82AE133F300E3D124 /* MenuItemsOptionView.swift */ = {isa = PBXFileReference; lastKnownFileType = sourcecode.swift; path = MenuItemsOptionView.swift; sourceTree = "<group>"; };
		89C67BDA2AE133FE00E3D124 /* MenuItemDetailsView.swift */ = {isa = PBXFileReference; lastKnownFileType = sourcecode.swift; path = MenuItemDetailsView.swift; sourceTree = "<group>"; };
		89C67BE02AE134C800E3D124 /* MenuItem.swift */ = {isa = PBXFileReference; lastKnownFileType = sourcecode.swift; path = MenuItem.swift; sourceTree = "<group>"; };
		89C67BE42AE1359500E3D124 /* MenuViewModel.swift */ = {isa = PBXFileReference; lastKnownFileType = sourcecode.swift; path = MenuViewModel.swift; sourceTree = "<group>"; };
		89C67BE72AE1373C00E3D124 /* MenuCategory.swift */ = {isa = PBXFileReference; lastKnownFileType = sourcecode.swift; path = MenuCategory.swift; sourceTree = "<group>"; };
		89C67BE92AE1375200E3D124 /* Ingredient.swift */ = {isa = PBXFileReference; lastKnownFileType = sourcecode.swift; path = Ingredient.swift; sourceTree = "<group>"; };
		89C67BEF2AE1383800E3D124 /* Little Lemon dinner menu appTests.xctest */ = {isa = PBXFileReference; explicitFileType = wrapper.cfbundle; includeInIndex = 0; path = "Little Lemon dinner menu appTests.xctest"; sourceTree = BUILT_PRODUCTS_DIR; };
		89C67BF12AE1383800E3D124 /* Little_Lemon_dinner_menu_appTests.swift */ = {isa = PBXFileReference; lastKnownFileType = sourcecode.swift; path = Little_Lemon_dinner_menu_appTests.swift; sourceTree = "<group>"; };
		89CEE5642AE2286300F34C8E /* View+Extensions.swift */ = {isa = PBXFileReference; lastKnownFileType = sourcecode.swift; path = "View+Extensions.swift"; sourceTree = "<group>"; };
		89CEE5672AE235BF00F34C8E /* DataStorage.swift */ = {isa = PBXFileReference; lastKnownFileType = sourcecode.swift; path = DataStorage.swift; sourceTree = "<group>"; };
		89CEE5692AE237D700F34C8E /* SortedMenuItem.swift */ = {isa = PBXFileReference; lastKnownFileType = sourcecode.swift; path = SortedMenuItem.swift; sourceTree = "<group>"; };
/* End PBXFileReference section */

/* Begin PBXFrameworksBuildPhase section */
		89C67BC22AE133AA00E3D124 /* Frameworks */ = {
			isa = PBXFrameworksBuildPhase;
			buildActionMask = 2147483647;
			files = (
			);
			runOnlyForDeploymentPostprocessing = 0;
		};
		89C67BEC2AE1383800E3D124 /* Frameworks */ = {
			isa = PBXFrameworksBuildPhase;
			buildActionMask = 2147483647;
			files = (
			);
			runOnlyForDeploymentPostprocessing = 0;
		};
/* End PBXFrameworksBuildPhase section */

/* Begin PBXGroup section */
		89C67BBC2AE133AA00E3D124 = {
			isa = PBXGroup;
			children = (
				89C67BC72AE133AA00E3D124 /* Little Lemon dinner menu app */,
				89C67BF02AE1383800E3D124 /* Little Lemon dinner menu appTests */,
				89C67BC62AE133AA00E3D124 /* Products */,
			);
			sourceTree = "<group>";
		};
		89C67BC62AE133AA00E3D124 /* Products */ = {
			isa = PBXGroup;
			children = (
				89C67BC52AE133AA00E3D124 /* Little Lemon dinner menu app.app */,
				89C67BEF2AE1383800E3D124 /* Little Lemon dinner menu appTests.xctest */,
			);
			name = Products;
			sourceTree = "<group>";
		};
		89C67BC72AE133AA00E3D124 /* Little Lemon dinner menu app */ = {
			isa = PBXGroup;
			children = (
				89C67BDF2AE1344E00E3D124 /* App */,
				89CEE5662AE235A200F34C8E /* Storage */,
				89CEE5632AE2285300F34C8E /* Extensions */,
				89C67BE62AE1372A00E3D124 /* DataType */,
				89C67BDE2AE1343000E3D124 /* Model */,
				89C67BDD2AE1342800E3D124 /* ViewModel */,
				89C67BDC2AE1342000E3D124 /* VIew */,
				89C67BCC2AE133AB00E3D124 /* Assets.xcassets */,
				89C67BCE2AE133AB00E3D124 /* Preview Content */,
			);
			path = "Little Lemon dinner menu app";
			sourceTree = "<group>";
		};
		89C67BCE2AE133AB00E3D124 /* Preview Content */ = {
			isa = PBXGroup;
			children = (
				89C67BCF2AE133AB00E3D124 /* Preview Assets.xcassets */,
			);
			path = "Preview Content";
			sourceTree = "<group>";
		};
		89C67BDC2AE1342000E3D124 /* VIew */ = {
			isa = PBXGroup;
			children = (
				89C67BCA2AE133AA00E3D124 /* ContentView.swift */,
				89C67BD62AE133E900E3D124 /* MenuItemsView.swift */,
				89C67BD82AE133F300E3D124 /* MenuItemsOptionView.swift */,
				89C67BDA2AE133FE00E3D124 /* MenuItemDetailsView.swift */,
			);
			path = VIew;
			sourceTree = "<group>";
		};
		89C67BDD2AE1342800E3D124 /* ViewModel */ = {
			isa = PBXGroup;
			children = (
				89C67BE42AE1359500E3D124 /* MenuViewModel.swift */,
			);
			path = ViewModel;
			sourceTree = "<group>";
		};
		89C67BDE2AE1343000E3D124 /* Model */ = {
			isa = PBXGroup;
			children = (
				89C67BE02AE134C800E3D124 /* MenuItem.swift */,
			);
			path = Model;
			sourceTree = "<group>";
		};
		89C67BDF2AE1344E00E3D124 /* App */ = {
			isa = PBXGroup;
			children = (
				89C67BC82AE133AA00E3D124 /* Little_Lemon_dinner_menu_appApp.swift */,
			);
			path = App;
			sourceTree = "<group>";
		};
		89C67BE62AE1372A00E3D124 /* DataType */ = {
			isa = PBXGroup;
			children = (
				89C67BE72AE1373C00E3D124 /* MenuCategory.swift */,
				89C67BE92AE1375200E3D124 /* Ingredient.swift */,
				89CEE5692AE237D700F34C8E /* SortedMenuItem.swift */,
			);
			path = DataType;
			sourceTree = "<group>";
		};
		89C67BF02AE1383800E3D124 /* Little Lemon dinner menu appTests */ = {
			isa = PBXGroup;
			children = (
				89C67BF12AE1383800E3D124 /* Little_Lemon_dinner_menu_appTests.swift */,
			);
			path = "Little Lemon dinner menu appTests";
			sourceTree = "<group>";
		};
		89CEE5632AE2285300F34C8E /* Extensions */ = {
			isa = PBXGroup;
			children = (
				89CEE5642AE2286300F34C8E /* View+Extensions.swift */,
			);
			path = Extensions;
			sourceTree = "<group>";
		};
		89CEE5662AE235A200F34C8E /* Storage */ = {
			isa = PBXGroup;
			children = (
				89CEE5672AE235BF00F34C8E /* DataStorage.swift */,
			);
			path = Storage;
			sourceTree = "<group>";
		};
/* End PBXGroup section */

/* Begin PBXNativeTarget section */
		89C67BC42AE133AA00E3D124 /* Little Lemon dinner menu app */ = {
			isa = PBXNativeTarget;
			buildConfigurationList = 89C67BD32AE133AB00E3D124 /* Build configuration list for PBXNativeTarget "Little Lemon dinner menu app" */;
			buildPhases = (
				89C67BC12AE133AA00E3D124 /* Sources */,
				89C67BC22AE133AA00E3D124 /* Frameworks */,
				89C67BC32AE133AA00E3D124 /* Resources */,
			);
			buildRules = (
			);
			dependencies = (
			);
			name = "Little Lemon dinner menu app";
			productName = "Little Lemon dinner menu app";
			productReference = 89C67BC52AE133AA00E3D124 /* Little Lemon dinner menu app.app */;
			productType = "com.apple.product-type.application";
		};
		89C67BEE2AE1383800E3D124 /* Little Lemon dinner menu appTests */ = {
			isa = PBXNativeTarget;
			buildConfigurationList = 89C67BF52AE1383800E3D124 /* Build configuration list for PBXNativeTarget "Little Lemon dinner menu appTests" */;
			buildPhases = (
				89C67BEB2AE1383800E3D124 /* Sources */,
				89C67BEC2AE1383800E3D124 /* Frameworks */,
				89C67BED2AE1383800E3D124 /* Resources */,
			);
			buildRules = (
			);
			dependencies = (
				89C67BF42AE1383800E3D124 /* PBXTargetDependency */,
			);
			name = "Little Lemon dinner menu appTests";
			productName = "Little Lemon dinner menu appTests";
			productReference = 89C67BEF2AE1383800E3D124 /* Little Lemon dinner menu appTests.xctest */;
			productType = "com.apple.product-type.bundle.unit-test";
		};
/* End PBXNativeTarget section */

/* Begin PBXProject section */
		89C67BBD2AE133AA00E3D124 /* Project object */ = {
			isa = PBXProject;
			attributes = {
				BuildIndependentTargetsInParallel = 1;
				LastSwiftUpdateCheck = 1420;
				LastUpgradeCheck = 1420;
				TargetAttributes = {
					89C67BC42AE133AA00E3D124 = {
						CreatedOnToolsVersion = 14.2;
					};
					89C67BEE2AE1383800E3D124 = {
						CreatedOnToolsVersion = 14.2;
						TestTargetID = 89C67BC42AE133AA00E3D124;
					};
				};
			};
			buildConfigurationList = 89C67BC02AE133AA00E3D124 /* Build configuration list for PBXProject "Little Lemon dinner menu app" */;
			compatibilityVersion = "Xcode 14.0";
			developmentRegion = en;
			hasScannedForEncodings = 0;
			knownRegions = (
				en,
				Base,
			);
			mainGroup = 89C67BBC2AE133AA00E3D124;
			productRefGroup = 89C67BC62AE133AA00E3D124 /* Products */;
			projectDirPath = "";
			projectRoot = "";
			targets = (
				89C67BC42AE133AA00E3D124 /* Little Lemon dinner menu app */,
				89C67BEE2AE1383800E3D124 /* Little Lemon dinner menu appTests */,
			);
		};
/* End PBXProject section */

/* Begin PBXResourcesBuildPhase section */
		89C67BC32AE133AA00E3D124 /* Resources */ = {
			isa = PBXResourcesBuildPhase;
			buildActionMask = 2147483647;
			files = (
				89C67BD02AE133AB00E3D124 /* Preview Assets.xcassets in Resources */,
				89C67BCD2AE133AB00E3D124 /* Assets.xcassets in Resources */,
			);
			runOnlyForDeploymentPostprocessing = 0;
		};
		89C67BED2AE1383800E3D124 /* Resources */ = {
			isa = PBXResourcesBuildPhase;
			buildActionMask = 2147483647;
			files = (
			);
			runOnlyForDeploymentPostprocessing = 0;
		};
/* End PBXResourcesBuildPhase section */

/* Begin PBXSourcesBuildPhase section */
		89C67BC12AE133AA00E3D124 /* Sources */ = {
			isa = PBXSourcesBuildPhase;
			buildActionMask = 2147483647;
			files = (
				89C67BE12AE134C800E3D124 /* MenuItem.swift in Sources */,
				89C67BEA2AE1375200E3D124 /* Ingredient.swift in Sources */,
				89C67BCB2AE133AA00E3D124 /* ContentView.swift in Sources */,
				89C67BD72AE133E900E3D124 /* MenuItemsView.swift in Sources */,
				89C67BE82AE1373C00E3D124 /* MenuCategory.swift in Sources */,
				89C67BC92AE133AA00E3D124 /* Little_Lemon_dinner_menu_appApp.swift in Sources */,
				89C67BD92AE133F300E3D124 /* MenuItemsOptionView.swift in Sources */,
				89C67BDB2AE133FE00E3D124 /* MenuItemDetailsView.swift in Sources */,
				89CEE56A2AE237D700F34C8E /* SortedMenuItem.swift in Sources */,
				89CEE5682AE235BF00F34C8E /* DataStorage.swift in Sources */,
				89CEE5652AE2286300F34C8E /* View+Extensions.swift in Sources */,
				89C67BE52AE1359500E3D124 /* MenuViewModel.swift in Sources */,
			);
			runOnlyForDeploymentPostprocessing = 0;
		};
		89C67BEB2AE1383800E3D124 /* Sources */ = {
			isa = PBXSourcesBuildPhase;
			buildActionMask = 2147483647;
			files = (
				89C67BF22AE1383800E3D124 /* Little_Lemon_dinner_menu_appTests.swift in Sources */,
			);
			runOnlyForDeploymentPostprocessing = 0;
		};
/* End PBXSourcesBuildPhase section */

/* Begin PBXTargetDependency section */
		89C67BF42AE1383800E3D124 /* PBXTargetDependency */ = {
			isa = PBXTargetDependency;
			target = 89C67BC42AE133AA00E3D124 /* Little Lemon dinner menu app */;
			targetProxy = 89C67BF32AE1383800E3D124 /* PBXContainerItemProxy */;
		};
/* End PBXTargetDependency section */

/* Begin XCBuildConfiguration section */
		89C67BD12AE133AB00E3D124 /* Debug */ = {
			isa = XCBuildConfiguration;
			buildSettings = {
				ALWAYS_SEARCH_USER_PATHS = NO;
				CLANG_ANALYZER_NONNULL = YES;
				CLANG_ANALYZER_NUMBER_OBJECT_CONVERSION = YES_AGGRESSIVE;
				CLANG_CXX_LANGUAGE_STANDARD = "gnu++20";
				CLANG_ENABLE_MODULES = YES;
				CLANG_ENABLE_OBJC_ARC = YES;
				CLANG_ENABLE_OBJC_WEAK = YES;
				CLANG_WARN_BLOCK_CAPTURE_AUTORELEASING = YES;
				CLANG_WARN_BOOL_CONVERSION = YES;
				CLANG_WARN_COMMA = YES;
				CLANG_WARN_CONSTANT_CONVERSION = YES;
				CLANG_WARN_DEPRECATED_OBJC_IMPLEMENTATIONS = YES;
				CLANG_WARN_DIRECT_OBJC_ISA_USAGE = YES_ERROR;
				CLANG_WARN_DOCUMENTATION_COMMENTS = YES;
				CLANG_WARN_EMPTY_BODY = YES;
				CLANG_WARN_ENUM_CONVERSION = YES;
				CLANG_WARN_INFINITE_RECURSION = YES;
				CLANG_WARN_INT_CONVERSION = YES;
				CLANG_WARN_NON_LITERAL_NULL_CONVERSION = YES;
				CLANG_WARN_OBJC_IMPLICIT_RETAIN_SELF = YES;
				CLANG_WARN_OBJC_LITERAL_CONVERSION = YES;
				CLANG_WARN_OBJC_ROOT_CLASS = YES_ERROR;
				CLANG_WARN_QUOTED_INCLUDE_IN_FRAMEWORK_HEADER = YES;
				CLANG_WARN_RANGE_LOOP_ANALYSIS = YES;
				CLANG_WARN_STRICT_PROTOTYPES = YES;
				CLANG_WARN_SUSPICIOUS_MOVE = YES;
				CLANG_WARN_UNGUARDED_AVAILABILITY = YES_AGGRESSIVE;
				CLANG_WARN_UNREACHABLE_CODE = YES;
				CLANG_WARN__DUPLICATE_METHOD_MATCH = YES;
				COPY_PHASE_STRIP = NO;
				DEBUG_INFORMATION_FORMAT = dwarf;
				ENABLE_STRICT_OBJC_MSGSEND = YES;
				ENABLE_TESTABILITY = YES;
				GCC_C_LANGUAGE_STANDARD = gnu11;
				GCC_DYNAMIC_NO_PIC = NO;
				GCC_NO_COMMON_BLOCKS = YES;
				GCC_OPTIMIZATION_LEVEL = 0;
				GCC_PREPROCESSOR_DEFINITIONS = (
					"DEBUG=1",
					"$(inherited)",
				);
				GCC_WARN_64_TO_32_BIT_CONVERSION = YES;
				GCC_WARN_ABOUT_RETURN_TYPE = YES_ERROR;
				GCC_WARN_UNDECLARED_SELECTOR = YES;
				GCC_WARN_UNINITIALIZED_AUTOS = YES_AGGRESSIVE;
				GCC_WARN_UNUSED_FUNCTION = YES;
				GCC_WARN_UNUSED_VARIABLE = YES;
				IPHONEOS_DEPLOYMENT_TARGET = 16.2;
				MTL_ENABLE_DEBUG_INFO = INCLUDE_SOURCE;
				MTL_FAST_MATH = YES;
				ONLY_ACTIVE_ARCH = YES;
				SDKROOT = iphoneos;
				SWIFT_ACTIVE_COMPILATION_CONDITIONS = DEBUG;
				SWIFT_OPTIMIZATION_LEVEL = "-Onone";
			};
			name = Debug;
		};
		89C67BD22AE133AB00E3D124 /* Release */ = {
			isa = XCBuildConfiguration;
			buildSettings = {
				ALWAYS_SEARCH_USER_PATHS = NO;
				CLANG_ANALYZER_NONNULL = YES;
				CLANG_ANALYZER_NUMBER_OBJECT_CONVERSION = YES_AGGRESSIVE;
				CLANG_CXX_LANGUAGE_STANDARD = "gnu++20";
				CLANG_ENABLE_MODULES = YES;
				CLANG_ENABLE_OBJC_ARC = YES;
				CLANG_ENABLE_OBJC_WEAK = YES;
				CLANG_WARN_BLOCK_CAPTURE_AUTORELEASING = YES;
				CLANG_WARN_BOOL_CONVERSION = YES;
				CLANG_WARN_COMMA = YES;
				CLANG_WARN_CONSTANT_CONVERSION = YES;
				CLANG_WARN_DEPRECATED_OBJC_IMPLEMENTATIONS = YES;
				CLANG_WARN_DIRECT_OBJC_ISA_USAGE = YES_ERROR;
				CLANG_WARN_DOCUMENTATION_COMMENTS = YES;
				CLANG_WARN_EMPTY_BODY = YES;
				CLANG_WARN_ENUM_CONVERSION = YES;
				CLANG_WARN_INFINITE_RECURSION = YES;
				CLANG_WARN_INT_CONVERSION = YES;
				CLANG_WARN_NON_LITERAL_NULL_CONVERSION = YES;
				CLANG_WARN_OBJC_IMPLICIT_RETAIN_SELF = YES;
				CLANG_WARN_OBJC_LITERAL_CONVERSION = YES;
				CLANG_WARN_OBJC_ROOT_CLASS = YES_ERROR;
				CLANG_WARN_QUOTED_INCLUDE_IN_FRAMEWORK_HEADER = YES;
				CLANG_WARN_RANGE_LOOP_ANALYSIS = YES;
				CLANG_WARN_STRICT_PROTOTYPES = YES;
				CLANG_WARN_SUSPICIOUS_MOVE = YES;
				CLANG_WARN_UNGUARDED_AVAILABILITY = YES_AGGRESSIVE;
				CLANG_WARN_UNREACHABLE_CODE = YES;
				CLANG_WARN__DUPLICATE_METHOD_MATCH = YES;
				COPY_PHASE_STRIP = NO;
				DEBUG_INFORMATION_FORMAT = "dwarf-with-dsym";
				ENABLE_NS_ASSERTIONS = NO;
				ENABLE_STRICT_OBJC_MSGSEND = YES;
				GCC_C_LANGUAGE_STANDARD = gnu11;
				GCC_NO_COMMON_BLOCKS = YES;
				GCC_WARN_64_TO_32_BIT_CONVERSION = YES;
				GCC_WARN_ABOUT_RETURN_TYPE = YES_ERROR;
				GCC_WARN_UNDECLARED_SELECTOR = YES;
				GCC_WARN_UNINITIALIZED_AUTOS = YES_AGGRESSIVE;
				GCC_WARN_UNUSED_FUNCTION = YES;
				GCC_WARN_UNUSED_VARIABLE = YES;
				IPHONEOS_DEPLOYMENT_TARGET = 16.2;
				MTL_ENABLE_DEBUG_INFO = NO;
				MTL_FAST_MATH = YES;
				SDKROOT = iphoneos;
				SWIFT_COMPILATION_MODE = wholemodule;
				SWIFT_OPTIMIZATION_LEVEL = "-O";
				VALIDATE_PRODUCT = YES;
			};
			name = Release;
		};
		89C67BD42AE133AB00E3D124 /* Debug */ = {
			isa = XCBuildConfiguration;
			buildSettings = {
				ASSETCATALOG_COMPILER_APPICON_NAME = AppIcon;
				ASSETCATALOG_COMPILER_GLOBAL_ACCENT_COLOR_NAME = AccentColor;
				CODE_SIGN_STYLE = Automatic;
				CURRENT_PROJECT_VERSION = 1;
				DEVELOPMENT_ASSET_PATHS = "\"Little Lemon dinner menu app/Preview Content\"";
				DEVELOPMENT_TEAM = 2BL4KQW6R5;
				ENABLE_PREVIEWS = YES;
				GENERATE_INFOPLIST_FILE = YES;
				INFOPLIST_KEY_UIApplicationSceneManifest_Generation = YES;
				INFOPLIST_KEY_UIApplicationSupportsIndirectInputEvents = YES;
				INFOPLIST_KEY_UILaunchScreen_Generation = YES;
				INFOPLIST_KEY_UISupportedInterfaceOrientations_iPad = "UIInterfaceOrientationPortrait UIInterfaceOrientationPortraitUpsideDown UIInterfaceOrientationLandscapeLeft UIInterfaceOrientationLandscapeRight";
				INFOPLIST_KEY_UISupportedInterfaceOrientations_iPhone = "UIInterfaceOrientationPortrait UIInterfaceOrientationLandscapeLeft UIInterfaceOrientationLandscapeRight";
				IPHONEOS_DEPLOYMENT_TARGET = 14.0;
				LD_RUNPATH_SEARCH_PATHS = (
					"$(inherited)",
					"@executable_path/Frameworks",
				);
				MARKETING_VERSION = 1.0;
				PRODUCT_BUNDLE_IDENTIFIER = "com.amit..Little-Lemon-dinner-menu-app";
				PRODUCT_NAME = "$(TARGET_NAME)";
				SWIFT_EMIT_LOC_STRINGS = YES;
				SWIFT_VERSION = 5.0;
				TARGETED_DEVICE_FAMILY = "1,2";
			};
			name = Debug;
		};
		89C67BD52AE133AB00E3D124 /* Release */ = {
			isa = XCBuildConfiguration;
			buildSettings = {
				ASSETCATALOG_COMPILER_APPICON_NAME = AppIcon;
				ASSETCATALOG_COMPILER_GLOBAL_ACCENT_COLOR_NAME = AccentColor;
				CODE_SIGN_STYLE = Automatic;
				CURRENT_PROJECT_VERSION = 1;
				DEVELOPMENT_ASSET_PATHS = "\"Little Lemon dinner menu app/Preview Content\"";
				DEVELOPMENT_TEAM = 2BL4KQW6R5;
				ENABLE_PREVIEWS = YES;
				GENERATE_INFOPLIST_FILE = YES;
				INFOPLIST_KEY_UIApplicationSceneManifest_Generation = YES;
				INFOPLIST_KEY_UIApplicationSupportsIndirectInputEvents = YES;
				INFOPLIST_KEY_UILaunchScreen_Generation = YES;
				INFOPLIST_KEY_UISupportedInterfaceOrientations_iPad = "UIInterfaceOrientationPortrait UIInterfaceOrientationPortraitUpsideDown UIInterfaceOrientationLandscapeLeft UIInterfaceOrientationLandscapeRight";
				INFOPLIST_KEY_UISupportedInterfaceOrientations_iPhone = "UIInterfaceOrientationPortrait UIInterfaceOrientationLandscapeLeft UIInterfaceOrientationLandscapeRight";
				IPHONEOS_DEPLOYMENT_TARGET = 14.0;
				LD_RUNPATH_SEARCH_PATHS = (
					"$(inherited)",
					"@executable_path/Frameworks",
				);
				MARKETING_VERSION = 1.0;
				PRODUCT_BUNDLE_IDENTIFIER = "com.amit..Little-Lemon-dinner-menu-app";
				PRODUCT_NAME = "$(TARGET_NAME)";
				SWIFT_EMIT_LOC_STRINGS = YES;
				SWIFT_VERSION = 5.0;
				TARGETED_DEVICE_FAMILY = "1,2";
			};
			name = Release;
		};
		89C67BF62AE1383800E3D124 /* Debug */ = {
			isa = XCBuildConfiguration;
			buildSettings = {
				BUNDLE_LOADER = "$(TEST_HOST)";
				CODE_SIGN_STYLE = Automatic;
				CURRENT_PROJECT_VERSION = 1;
				DEVELOPMENT_TEAM = 2BL4KQW6R5;
				GENERATE_INFOPLIST_FILE = YES;
				MARKETING_VERSION = 1.0;
				PRODUCT_BUNDLE_IDENTIFIER = "com.amit..Little-Lemon-dinner-menu-appTests";
				PRODUCT_NAME = "$(TARGET_NAME)";
				SWIFT_EMIT_LOC_STRINGS = NO;
				SWIFT_VERSION = 5.0;
				TARGETED_DEVICE_FAMILY = "1,2";
				TEST_HOST = "$(BUILT_PRODUCTS_DIR)/Little Lemon dinner menu app.app/$(BUNDLE_EXECUTABLE_FOLDER_PATH)/Little Lemon dinner menu app";
			};
			name = Debug;
		};
		89C67BF72AE1383800E3D124 /* Release */ = {
			isa = XCBuildConfiguration;
			buildSettings = {
				BUNDLE_LOADER = "$(TEST_HOST)";
				CODE_SIGN_STYLE = Automatic;
				CURRENT_PROJECT_VERSION = 1;
				DEVELOPMENT_TEAM = 2BL4KQW6R5;
				GENERATE_INFOPLIST_FILE = YES;
				MARKETING_VERSION = 1.0;
				PRODUCT_BUNDLE_IDENTIFIER = "com.amit..Little-Lemon-dinner-menu-appTests";
				PRODUCT_NAME = "$(TARGET_NAME)";
				SWIFT_EMIT_LOC_STRINGS = NO;
				SWIFT_VERSION = 5.0;
				TARGETED_DEVICE_FAMILY = "1,2";
				TEST_HOST = "$(BUILT_PRODUCTS_DIR)/Little Lemon dinner menu app.app/$(BUNDLE_EXECUTABLE_FOLDER_PATH)/Little Lemon dinner menu app";
			};
			name = Release;
		};
/* End XCBuildConfiguration section */

/* Begin XCConfigurationList section */
		89C67BC02AE133AA00E3D124 /* Build configuration list for PBXProject "Little Lemon dinner menu app" */ = {
			isa = XCConfigurationList;
			buildConfigurations = (
				89C67BD12AE133AB00E3D124 /* Debug */,
				89C67BD22AE133AB00E3D124 /* Release */,
			);
			defaultConfigurationIsVisible = 0;
			defaultConfigurationName = Release;
		};
		89C67BD32AE133AB00E3D124 /* Build configuration list for PBXNativeTarget "Little Lemon dinner menu app" */ = {
			isa = XCConfigurationList;
			buildConfigurations = (
				89C67BD42AE133AB00E3D124 /* Debug */,
				89C67BD52AE133AB00E3D124 /* Release */,
			);
			defaultConfigurationIsVisible = 0;
			defaultConfigurationName = Release;
		};
		89C67BF52AE1383800E3D124 /* Build configuration list for PBXNativeTarget "Little Lemon dinner menu appTests" */ = {
			isa = XCConfigurationList;
			buildConfigurations = (
				89C67BF62AE1383800E3D124 /* Debug */,
				89C67BF72AE1383800E3D124 /* Release */,
			);
			defaultConfigurationIsVisible = 0;
			defaultConfigurationName = Release;
		};
/* End XCConfigurationList section */
	};
	rootObject = 89C67BBD2AE133AA00E3D124 /* Project object */;
}
